{
  "name": "codex-adapter",
  "version": "1.0.0",
  "lockfileVersion": 3,
  "requires": true,
  "packages": {
    "": {
      "name": "codex-adapter",
      "version": "1.0.0",
      "license": "MIT",
      "dependencies": {
        "express": "^5.2.1",
        "js-yaml": "^4.1.1"
      },
      "devDependencies": {
        "@types/express": "^5.0.6",
        "@types/js-yaml": "^4.0.9",
        "@types/node": "^25.6.0",
        "tsx": "^4.21.0",
        "typescript": "^6.0.3"
      },
      "engines": {
        "node": ">=18"
      }
    },
    "node_modules/@esbuild/win32-x64": {
      "version": "0.27.7",
      "resolved": "https://registry.npm.wps.cn/@esbuild/win32-x64/download/@esbuild/win32-x64-0.27.7.tgz",
      "integrity": "sha1-j+MLMIi4m0hzw6bMh1l645IMCos=",
      "cpu": [
        "x64"
      ],
      "dev": true,
      "license": "MIT",
      "optional": true,
      "os": [
        "win32"
      ],
      "engines": {
        "node": ">=18"
      }
    },
    "node_modules/@types/body-parser": {
      "version": "1.19.6",
      "resolved": "https://registry.npm.wps.cn/@types/body-parser/download/@types/body-parser-1.19.6.tgz",
      "integrity": "sha1-GFm+u4/X2smRikXVTBlxq4ta9HQ=",
      "dev": true,
      "license": "MIT",
      "dependencies": {
        "@types/connect": "*",
        "@types/node": "*"
      }
    },
    "node_modules/@types/connect": {
      "version": "3.4.38",
      "resolved": "https://registry.npm.wps.cn/@types/connect/download/@types/connect-3.4.38.tgz",
      "integrity": "sha1-W6fzvE+73q/43e2VLl/yzFP42Fg=",
      "dev": true,
      "license": "MIT",
      "dependencies": {
        "@types/node": "*"
      }
    },
    "node_modules/@types/express": {
      "version": "5.0.6",
      "resolved": "https://registry.npm.wps.cn/@types/express/download/@types/express-5.0.6.tgz",
      "integrity": "sha1-LXJLLJkNy4yERAY/NYCpA/bVAMw=",
      "dev": true,
      "license": "MIT",
      "dependencies": {
        "@types/body-parser": "*",
        "@types/express-serve-static-core": "^5.0.0",
        "@types/serve-static": "^2"
      }
    },
    "node_modules/@types/express-serve-static-core": {
      "version": "5.1.1",
      "resolved": "https://registry.npm.wps.cn/@types/express-serve-static-core/download/@types/express-serve-static-core-5.1.1.tgz",
      "integrity": "sha1-Gnf6/+6VctORJJMyWb4lI4N9fqo=",
      "dev": true,
      "license": "MIT",
      "dependencies": {
        "@types/node": "*",
        "@types/qs": "*",
        "@types/range-parser": "*",
        "@types/send": "*"
      }
    },
    "node_modules/@types/http-errors": {
      "version": "2.0.5",
      "resolved": "https://registry.npm.wps.cn/@types/http-errors/download/@types/http-errors-2.0.5.tgz",
      "integrity": "sha1-W3SasrFroRNCP+saZKldzTA5hHI=",
      "dev": true,
      "license": "MIT"
    },
    "node_modules/@types/js-yaml": {
      "version": "4.0.9",
      "resolved": "https://registry.npm.wps.cn/@types/js-yaml/download/@types/js-yaml-4.0.9.tgz",
      "integrity": "sha1-zYI4LE+QL+2WkaLteexoxYmK9MI=",
      "dev": true,
      "license": "MIT"
    },
    "node_modules/@types/node": {
      "version": "25.6.0",
      "resolved": "https://registry.npm.wps.cn/@types/node/download/@types/node-25.6.0.tgz",
      "integrity": "sha1-Tgm62bRphx8tD2gUAZjL1xT07co=",
      "dev": true,
      "license": "MIT",
      "dependencies": {
        "undici-types": "~7.19.0"
      }
    },
    "node_modules/@types/qs": {
      "version": "6.15.0",
      "resolved": "https://registry.npm.wps.cn/@types/qs/download/@types/qs-6.15.0.tgz",
      "integrity": "sha1-ljq2F3mEP+kQY5pQZhtI8WK8f3k=",
      "dev": true,
      "license": "MIT"
    },
    "node_modules/@types/range-parser": {
      "version": "1.2.7",
      "resolved": "https://registry.npm.wps.cn/@types/range-parser/download/@types/range-parser-1.2.7.tgz",
      "integrity": "sha1-UK5DU+qt3AQEQnmBL1LIxlhX28s=",
      "dev": true,
      "license": "MIT"
    },
    "node_modules/@types/send": {
      "version": "1.2.1",
      "resolved": "https://registry.npm.wps.cn/@types/send/download/@types/send-1.2.1.tgz",
      "integrity": "sha1-anhORVQ8GMd0wEm/9tPbrwRcnHQ=",
      "dev": true,
      "license": "MIT",
      "dependencies": {
        "@types/node": "*"
      }
    },
    "node_modules/@types/serve-static": {
      "version": "2.2.0",
      "resolved": "https://registry.npm.wps.cn/@types/serve-static/download/@types/serve-static-2.2.0.tgz",
      "integrity": "sha1-1KRHUD6tDRZxEy0atr1YuAXY3mo=",
      "dev": true,
      "license": "MIT",
      "dependencies": {
        "@types/http-errors": "*",
        "@types/node": "*"
      }
    },
    "node_modules/accepts": {
      "version": "2.0.0",
      "resolved": "https://registry.npm.wps.cn/accepts/download/accepts-2.0.0.tgz",
      "integrity": "sha1-u89LpQdUZ/PyEx6rPP/HPC9deJU=",
      "license": "MIT",
      "dependencies": {
        "mime-types": "^3.0.0",
        "negotiator": "^1.0.0"
      },
      "engines": {
        "node": ">= 0.6"
      }
    },
    "node_modules/argparse": {
      "version": "2.0.1",
      "resolved": "https://registry.npm.wps.cn/argparse/download/argparse-2.0.1.tgz",
      "integrity": "sha1-JG9Q88p4oyQPbJl+ipvR6sSeSzg=",
      "license": "Python-2.0"
    },
    "node_modules/body-parser": {
      "version": "2.2.2",
      "resolved": "https://registry.npm.wps.cn/body-parser/download/body-parser-2.2.2.tgz",
      "integrity": "sha1-GjLNuWa+r2jeUKnfvltY+Dy4iQw=",
      "license": "MIT",
      "dependencies": {
        "bytes": "^3.1.2",
        "content-type": "^1.0.5",
        "debug": "^4.4.3",
        "http-errors": "^2.0.0",
        "iconv-lite": "^0.7.0",
        "on-finished": "^2.4.1",
        "qs": "^6.14.1",
        "raw-body": "^3.0.1",
        "type-is": "^2.0.1"
      },
      "engines": {
        "node": ">=18"
      },
      "funding": {
        "type": "opencollective",
        "url": "https://opencollective.com/express"
      }
    },
    "node_modules/bytes": {
      "version": "3.1.2",
      "resolved": "https://registry.npm.wps.cn/bytes/download/bytes-3.1.2.tgz",
      "integrity": "sha1-iwvuuYYFrfGxKPpDhkA8AJ4CIaU=",
      "license": "MIT",
      "engines": {
        "node": ">= 0.8"
      }
    },
    "node_modules/call-bind-apply-helpers": {
      "version": "1.0.2",
      "resolved": "https://registry.npm.wps.cn/call-bind-apply-helpers/download/call-bind-apply-helpers-1.0.2.tgz",
      "integrity": "sha1-S1QowiK+mF15w9gmV0edvgtZstY=",
      "license": "MIT",
      "dependencies": {
        "es-errors": "^1.3.0",
        "function-bind": "^1.1.2"
      },
      "engines": {
        "node": ">= 0.4"
      }
    },
    "node_modules/call-bound": {
      "version": "1.0.4",
      "resolved": "https://registry.npm.wps.cn/call-bound/download/call-bound-1.0.4.tgz",
      "integrity": "sha1-I43pNdKippKSjFOMfM+pEGf9Bio=",
      "license": "MIT",
      "dependencies": {
        "call-bind-apply-helpers": "^1.0.2",
        "get-intrinsic": "^1.3.0"
      },
      "engines": {
        "node": ">= 0.4"
      },
      "funding": {
        "url": "https://github.com/sponsors/ljharb"
      }
    },
    "node_modules/content-disposition": {
      "version": "1.1.0",
      "resolved": "https://registry.npm.wps.cn/content-disposition/download/content-disposition-1.1.0.tgz",
      "integrity": "sha1-89t4nHUtRVZMx+nh4LMXkNSjjhc=",
      "license": "MIT",
      "engines": {
        "node": ">=18"
      },
      "funding": {
        "type": "opencollective",
        "url": "https://opencollective.com/express"
      }
    },
    "node_modules/content-type": {
      "version": "1.0.5",
      "resolved": "https://registry.npm.wps.cn/content-type/download/content-type-1.0.5.tgz",
      "integrity": "sha1-i3cxYmVtHRCGeEyPI6VM5tc9eRg=",
      "license": "MIT",
      "engines": {
        "node": ">= 0.6"
      }
    },
    "node_modules/cookie": {
      "version": "0.7.2",
      "resolved": "https://registry.npm.wps.cn/cookie/download/cookie-0.7.2.tgz",
      "integrity": "sha1-VWNpxHKiupEPKXmJG1JrNDYjftc=",
      "license": "MIT",
      "engines": {
        "node": ">= 0.6"
      }
    },
    "node_modules/cookie-signature": {
      "version": "1.2.2",
      "resolved": "https://registry.npm.wps.cn/cookie-signature/download/cookie-signature-1.2.2.tgz",
      "integrity": "sha1-V8f8PMKTrKuf7FTXPhVpDr5KF5M=",
      "license": "MIT",
      "engines": {
        "node": ">=6.6.0"
      }
    },
    "node_modules/debug": {
      "version": "4.4.3",
      "resolved": "https://registry.npm.wps.cn/debug/download/debug-4.4.3.tgz",
      "integrity": "sha1-xq5DLZvZZiWC/OCHCbA4xY6ePWo=",
      "license": "MIT",
      "dependencies": {
        "ms": "^2.1.3"
      },
      "engines": {
        "node": ">=6.0"
      },
      "peerDependenciesMeta": {
        "supports-color": {
          "optional": true
        }
      }
    },
    "node_modules/depd": {
      "version": "2.0.0",
      "resolved": "https://registry.npm.wps.cn/depd/download/depd-2.0.0.tgz",
      "integrity": "sha1-tpYWPMdXVg0JzyLMj60Vcbeedt8=",
      "license": "MIT",
      "engines": {
        "node": ">= 0.8"
      }
    },
    "node_modules/dunder-proto": {
      "version": "1.0.1",
      "resolved": "https://registry.npm.wps.cn/dunder-proto/download/dunder-proto-1.0.1.tgz",
      "integrity": "sha1-165mfh3INIL4tw/Q9u78UNow9Yo=",
      "license": "MIT",
      "dependencies": {
        "call-bind-apply-helpers": "^1.0.1",
        "es-errors": "^1.3.0",
        "gopd": "^1.2.0"
      },
      "engines": {
        "node": ">= 0.4"
      }
    },
    "node_modules/ee-first": {
      "version": "1.1.1",
      "resolved": "https://registry.npm.wps.cn/ee-first/download/ee-first-1.1.1.tgz",
      "integrity": "sha1-WQxhFWsK4vTwJVcyoViyZrxWsh0=",
      "license": "MIT"
    },
    "node_modules/encodeurl": {
      "version": "2.0.0",
      "resolved": "https://registry.npm.wps.cn/encodeurl/download/encodeurl-2.0.0.tgz",
      "integrity": "sha1-e46omAd9fkCdOsRUdOo46vCFelg=",
      "license": "MIT",
      "engines": {
        "node": ">= 0.8"
      }
    },
    "node_modules/es-define-property": {
      "version": "1.0.1",
      "resolved": "https://registry.npm.wps.cn/es-define-property/download/es-define-property-1.0.1.tgz",
      "integrity": "sha1-mD6y+aZyTpMD9hrd8BHHLgngsPo=",
      "license": "MIT",
      "engines": {
        "node": ">= 0.4"
      }
    },
    "node_modules/es-errors": {
      "version": "1.3.0",
      "resolved": "https://registry.npm.wps.cn/es-errors/download/es-errors-1.3.0.tgz",
      "integrity": "sha1-BfdaJdq5jk+x3NXhRywFRtUFfI8=",
      "license": "MIT",
      "engines": {
        "node": ">= 0.4"
      }
    },
    "node_modules/es-object-atoms": {
      "version": "1.1.1",
      "resolved": "https://registry.npm.wps.cn/es-object-atoms/download/es-object-atoms-1.1.1.tgz",
      "integrity": "sha1-HE8sSDcydZfOadLKGQp/3RcjOME=",
      "license": "MIT",
      "dependencies": {
        "es-errors": "^1.3.0"
      },
      "engines": {
        "node": ">= 0.4"
      }
    },
    "node_modules/esbuild": {
      "version": "0.27.7",
      "resolved": "https://registry.npm.wps.cn/esbuild/download/esbuild-0.27.7.tgz",
      "integrity": "sha1-vK3OIrLz/XbyV+OmT4OmSYb+oR8=",
      "dev": true,
      "hasInstallScript": true,
      "license": "MIT",
      "bin": {
        "esbuild": "bin/esbuild"
      },
      "engines": {
        "node": ">=18"
      },
      "optionalDependencies": {
        "@esbuild/aix-ppc64": "0.27.7",
        "@esbuild/android-arm": "0.27.7",
        "@esbuild/android-arm64": "0.27.7",
        "@esbuild/android-x64": "0.27.7",
        "@esbuild/darwin-arm64": "0.27.7",
        "@esbuild/darwin-x64": "0.27.7",
        "@esbuild/freebsd-arm64": "0.27.7",
        "@esbuild/freebsd-x64": "0.27.7",
        "@esbuild/linux-arm": "0.27.7",
        "@esbuild/linux-arm64": "0.27.7",
        "@esbuild/linux-ia32": "0.27.7",
        "@esbuild/linux-loong64": "0.27.7",
        "@esbuild/linux-mips64el": "0.27.7",
        "@esbuild/linux-ppc64": "0.27.7",
        "@esbuild/linux-riscv64": "0.27.7",
        "@esbuild/linux-s390x": "0.27.7",
        "@esbuild/linux-x64": "0.27.7",
        "@esbuild/netbsd-arm64": "0.27.7",
        "@esbuild/netbsd-x64": "0.27.7",
        "@esbuild/openbsd-arm64": "0.27.7",
        "@esbuild/openbsd-x64": "0.27.7",
        "@esbuild/openharmony-arm64": "0.27.7",
        "@esbuild/sunos-x64": "0.27.7",
        "@esbuild/win32-arm64": "0.27.7",
        "@esbuild/win32-ia32": "0.27.7",
        "@esbuild/win32-x64": "0.27.7"
      }
    },
    "node_modules/esbuild/node_modules/@esbuild/aix-ppc64": {
      "dev": true,
      "optional": true
    },
    "node_modules/esbuild/node_modules/@esbuild/android-arm": {
      "dev": true,
      "optional": true
    },
    "node_modules/esbuild/node_modules/@esbuild/android-arm64": {
      "dev": true,
      "optional": true
    },
    "node_modules/esbuild/node_modules/@esbuild/android-x64": {
      "dev": true,
      "optional": true
    },
    "node_modules/esbuild/node_modules/@esbuild/darwin-arm64": {
      "dev": true,
      "optional": true
    },
    "node_modules/esbuild/node_modules/@esbuild/darwin-x64": {
      "dev": true,
      "optional": true
    },
    "node_modules/esbuild/node_modules/@esbuild/freebsd-arm64": {
      "dev": true,
      "optional": true
    },
    "node_modules/esbuild/node_modules/@esbuild/freebsd-x64": {
      "dev": true,
      "optional": true
    },
    "node_modules/esbuild/node_modules/@esbuild/linux-arm": {
      "dev": true,
      "optional": true
    },
    "node_modules/esbuild/node_modules/@esbuild/linux-arm64": {
      "dev": true,
      "optional": true
    },
    "node_modules/esbuild/node_modules/@esbuild/linux-ia32": {
      "dev": true,
      "optional": true
    },
    "node_modules/esbuild/node_modules/@esbuild/linux-loong64": {
      "dev": true,
      "optional": true
    },
    "node_modules/esbuild/node_modules/@esbuild/linux-mips64el": {
      "dev": true,
      "optional": true
    },
    "node_modules/esbuild/node_modules/@esbuild/linux-ppc64": {
      "dev": true,
      "optional": true
    },
    "node_modules/esbuild/node_modules/@esbuild/linux-riscv64": {
      "dev": true,
      "optional": true
    },
    "node_modules/esbuild/node_modules/@esbuild/linux-s390x": {
      "dev": true,
      "optional": true
    },
    "node_modules/esbuild/node_modules/@esbuild/linux-x64": {
      "dev": true,
      "optional": true
    },
    "node_modules/esbuild/node_modules/@esbuild/netbsd-arm64": {
      "dev": true,
      "optional": true
    },
    "node_modules/esbuild/node_modules/@esbuild/netbsd-x64": {
      "dev": true,
      "optional": true
    },
    "node_modules/esbuild/node_modules/@esbuild/openbsd-arm64": {
      "dev": true,
      "optional": true
    },
    "node_modules/esbuild/node_modules/@esbuild/openbsd-x64": {
      "dev": true,
      "optional": true
    },
    "node_modules/esbuild/node_modules/@esbuild/openharmony-arm64": {
      "dev": true,
      "optional": true
    },
    "node_modules/esbuild/node_modules/@esbuild/sunos-x64": {
      "dev": true,
      "optional": true
    },
    "node_modules/esbuild/node_modules/@esbuild/win32-arm64": {
      "dev": true,
      "optional": true
    },
    "node_modules/esbuild/node_modules/@esbuild/win32-ia32": {
      "dev": true,
      "optional": true
    },
    "node_modules/escape-html": {
      "version": "1.0.3",
      "resolved": "https://registry.npm.wps.cn/escape-html/download/escape-html-1.0.3.tgz",
      "integrity": "sha1-Aljq5NPQwJdN4cFpGI7wBR0dGYg=",
      "license": "MIT"
    },
    "node_modules/etag": {
      "version": "1.8.1",
      "resolved": "https://registry.npm.wps.cn/etag/download/etag-1.8.1.tgz",
      "integrity": "sha1-Qa4u62XvpiJorr/qg6x9eSmbCIc=",
      "license": "MIT",
      "engines": {
        "node": ">= 0.6"
      }
    },
    "node_modules/express": {
      "version": "5.2.1",
      "resolved": "https://registry.npm.wps.cn/express/download/express-5.2.1.tgz",
      "integrity": "sha1-jyHRW20yf5K0eU7PjLCKcvlWrAQ=",
      "license": "MIT",
      "dependencies": {
        "accepts": "^2.0.0",
        "body-parser": "^2.2.1",
        "content-disposition": "^1.0.0",
        "content-type": "^1.0.5",
        "cookie": "^0.7.1",
        "cookie-signature": "^1.2.1",
        "debug": "^4.4.0",
        "depd": "^2.0.0",
        "encodeurl": "^2.0.0",
        "escape-html": "^1.0.3",
        "etag": "^1.8.1",
        "finalhandler": "^2.1.0",
        "fresh": "^2.0.0",
        "http-errors": "^2.0.0",
        "merge-descriptors": "^2.0.0",
        "mime-types": "^3.0.0",
        "on-finished": "^2.4.1",
        "once": "^1.4.0",
        "parseurl": "^1.3.3",
        "proxy-addr": "^2.0.7",
        "qs": "^6.14.0",
        "range-parser": "^1.2.1",
        "router": "^2.2.0",
        "send": "^1.1.0",
        "serve-static": "^2.2.0",
        "statuses": "^2.0.1",
        "type-is": "^2.0.1",
        "vary": "^1.1.2"
      },
      "engines": {
        "node": ">= 18"
      },
      "funding": {
        "type": "opencollective",
        "url": "https://opencollective.com/express"
      }
    },
    "node_modules/finalhandler": {
      "version": "2.1.1",
      "resolved": "https://registry.npm.wps.cn/finalhandler/download/finalhandler-2.1.1.tgz",
      "integrity": "sha1-osUXplWYUrzbBtH4vX9Rto+tgJk=",
      "license": "MIT",
      "dependencies": {
        "debug": "^4.4.0",
        "encodeurl": "^2.0.0",
        "escape-html": "^1.0.3",
        "on-finished": "^2.4.1",
        "parseurl": "^1.3.3",
        "statuses": "^2.0.1"
      },
      "engines": {
        "node": ">= 18.0.0"
      },
      "funding": {
        "type": "opencollective",
        "url": "https://opencollective.com/express"
      }
    },
    "node_modules/forwarded": {
      "version": "0.2.0",
      "resolved": "https://registry.npm.wps.cn/forwarded/download/forwarded-0.2.0.tgz",
      "integrity": "sha1-ImmTZCiq1MFcfr6XeahL8LKoGBE=",
      "license": "MIT",
      "engines": {
        "node": ">= 0.6"
      }
    },
    "node_modules/fresh": {
      "version": "2.0.0",
      "resolved": "https://registry.npm.wps.cn/fresh/download/fresh-2.0.0.tgz",
      "integrity": "sha1-jdffahs6Gzpc8YbAWl3SZ2ImNaQ=",
      "license": "MIT",
      "engines": {
        "node": ">= 0.8"
      }
    },
    "node_modules/fsevents": {
      "version": "2.3.3",
      "resolved": "https://registry.npm.wps.cn/fsevents/download/fsevents-2.3.3.tgz",
      "integrity": "sha1-ysZAd4XQNnWipeGlMFxpezR9kNY=",
      "dev": true,
      "hasInstallScript": true,
      "license": "MIT",
      "optional": true,
      "os": [
        "darwin"
      ],
      "engines": {
        "node": "^8.16.0 || ^10.6.0 || >=11.0.0"
      }
    },
    "node_modules/function-bind": {
      "version": "1.1.2",
      "resolved": "https://registry.npm.wps.cn/function-bind/download/function-bind-1.1.2.tgz",
      "integrity": "sha1-LALYZNl/PqbIgwxGTL0Rq26rehw=",
      "license": "MIT",
      "funding": {
        "url": "https://github.com/sponsors/ljharb"
      }
    },
    "node_modules/get-intrinsic": {
      "version": "1.3.0",
      "resolved": "https://registry.npm.wps.cn/get-intrinsic/download/get-intrinsic-1.3.0.tgz",
      "integrity": "sha1-dD8OO2lkqTpUke0b/6rgVNf5jQE=",
      "license": "MIT",
      "dependencies": {
        "call-bind-apply-helpers": "^1.0.2",
        "es-define-property": "^1.0.1",
        "es-errors": "^1.3.0",
        "es-object-atoms": "^1.1.1",
        "function-bind": "^1.1.2",
        "get-proto": "^1.0.1",
        "gopd": "^1.2.0",
        "has-symbols": "^1.1.0",
        "hasown": "^2.0.2",
        "math-intrinsics": "^1.1.0"
      },
      "engines": {
        "node": ">= 0.4"
      },
      "funding": {
        "url": "https://github.com/sponsors/ljharb"
      }
    },
    "node_modules/get-proto": {
      "version": "1.0.1",
      "resolved": "https://registry.npm.wps.cn/get-proto/download/get-proto-1.0.1.tgz",
      "integrity": "sha1-FQs/J0OGnvPoUewMSdFbHRTQDuE=",
      "license": "MIT",
      "dependencies": {
        "dunder-proto": "^1.0.1",
        "es-object-atoms": "^1.0.0"
      },
      "engines": {
        "node": ">= 0.4"
      }
    },
    "node_modules/get-tsconfig": {
      "version": "4.14.0",
      "resolved": "https://registry.npm.wps.cn/get-tsconfig/download/get-tsconfig-4.14.0.tgz",
      "integrity": "sha1-mF2FxSqZA4ZCgMzCRI1BP78e/tg=",
      "dev": true,
      "license": "MIT",
      "dependencies": {
        "resolve-pkg-maps": "^1.0.0"
      },
      "funding": {
        "url": "https://github.com/privatenumber/get-tsconfig?sponsor=1"
      }
    },
    "node_modules/gopd": {
      "version": "1.2.0",
      "resolved": "https://registry.npm.wps.cn/gopd/download/gopd-1.2.0.tgz",
      "integrity": "sha1-ifVrghe9vIgCvSmd9tfxCB1+UaE=",
      "license": "MIT",
      "engines": {
        "node": ">= 0.4"
      },
      "funding": {
        "url": "https://github.com/sponsors/ljharb"
      }
    },
    "node_modules/has-symbols": {
      "version": "1.1.0",
      "resolved": "https://registry.npm.wps.cn/has-symbols/download/has-symbols-1.1.0.tgz",
      "integrity": "sha1-/JxqeDoISVHQuXH+EBjegTcHozg=",
      "license": "MIT",
      "engines": {
        "node": ">= 0.4"
      },
      "funding": {
        "url": "https://github.com/sponsors/ljharb"
      }
    },
    "node_modules/hasown": {
      "version": "2.0.3",
      "resolved": "https://registry.npm.wps.cn/hasown/download/hasown-2.0.3.tgz",
      "integrity": "sha1-XlwrFbYDcKTHkww4Pft2vxe8QDw=",
      "license": "MIT",
      "dependencies": {
        "function-bind": "^1.1.2"
      },
      "engines": {
        "node": ">= 0.4"
      }
    },
    "node_modules/http-errors": {
      "version": "2.0.1",
      "resolved": "https://registry.npm.wps.cn/http-errors/download/http-errors-2.0.1.tgz",
      "integrity": "sha1-NtL2W8kJyHkAGN02+02T2myq4Gs=",
      "license": "MIT",
      "dependencies": {
        "depd": "~2.0.0",
        "inherits": "~2.0.4",
        "setprototypeof": "~1.2.0",
        "statuses": "~2.0.2",
        "toidentifier": "~1.0.1"
      },
      "engines": {
        "node": ">= 0.8"
      },
      "funding": {
        "type": "opencollective",
        "url": "https://opencollective.com/express"
      }
    },
    "node_modules/iconv-lite": {
      "version": "0.7.2",
      "resolved": "https://registry.npm.wps.cn/iconv-lite/download/iconv-lite-0.7.2.tgz",
      "integrity": "sha1-0L3qw/ErSDW3NZwq2JxCKk0cxy4=",
      "license": "MIT",
      "dependencies": {
        "safer-buffer": ">= 2.1.2 < 3.0.0"
      },
      "engines": {
        "node": ">=0.10.0"
      },
      "funding": {
        "type": "opencollective",
        "url": "https://opencollective.com/express"
      }
    },
    "node_modules/inherits": {
      "version": "2.0.4",
      "resolved": "https://registry.npm.wps.cn/inherits/download/inherits-2.0.4.tgz",
      "integrity": "sha1-D6LGT5MpF8NDOg3tVTY6rjdBa3w=",
      "license": "ISC"
    },
    "node_modules/ipaddr.js": {
      "version": "1.9.1",
      "resolved": "https://registry.npm.wps.cn/ipaddr.js/download/ipaddr.js-1.9.1.tgz",
      "integrity": "sha1-v/OFQ+64mEglB5/zoqjmy9RngbM=",
      "license": "MIT",
      "engines": {
        "node": ">= 0.10"
      }
    },
    "node_modules/is-promise": {
      "version": "4.0.0",
      "resolved": "https://registry.npm.wps.cn/is-promise/download/is-promise-4.0.0.tgz",
      "integrity": "sha1-Qv+fhCBsGZHSbev1IN1cAQQt0vM=",
      "license": "MIT"
    },
    "node_modules/js-yaml": {
      "version": "4.1.1",
      "resolved": "https://registry.npm.wps.cn/js-yaml/download/js-yaml-4.1.1.tgz",
      "integrity": "sha1-hUwpJGdwW2mUduGi3swMijRYgGs=",
      "license": "MIT",
      "dependencies": {
        "argparse": "^2.0.1"
      },
      "bin": {
        "js-yaml": "bin/js-yaml.js"
      }
    },
    "node_modules/math-intrinsics": {
      "version": "1.1.0",
      "resolved": "https://registry.npm.wps.cn/math-intrinsics/download/math-intrinsics-1.1.0.tgz",
      "integrity": "sha1-oN10voHiqlwvJ+Zc4oNgXuTit/k=",
      "license": "MIT",
      "engines": {
        "node": ">= 0.4"
      }
    },
    "node_modules/media-typer": {
      "version": "1.1.0",
      "resolved": "https://registry.npm.wps.cn/media-typer/download/media-typer-1.1.0.tgz",
      "integrity": "sha1-ardLjy0zIPIGSyqHo455Mf86VWE=",
      "license": "MIT",
      "engines": {
        "node": ">= 0.8"
      }
    },
    "node_modules/merge-descriptors": {
      "version": "2.0.0",
      "resolved": "https://registry.npm.wps.cn/merge-descriptors/download/merge-descriptors-2.0.0.tgz",
      "integrity": "sha1-6pIvZgY1oiSe5WXgRJ+VHmtgOAg=",
      "license": "MIT",
      "engines": {
        "node": ">=18"
      },
      "funding": {
        "url": "https://github.com/sponsors/sindresorhus"
      }
    },
    "node_modules/mime-db": {
      "version": "1.54.0",
      "resolved": "https://registry.npm.wps.cn/mime-db/download/mime-db-1.54.0.tgz",
      "integrity": "sha1-zds+5PnGRTDf9kAjZmHULLajFPU=",
      "license": "MIT",
      "engines": {
        "node": ">= 0.6"
      }
    },
    "node_modules/mime-types": {
      "version": "3.0.2",
      "resolved": "https://registry.npm.wps.cn/mime-types/download/mime-types-3.0.2.tgz",
      "integrity": "sha1-OQAtQYJXXVrwNv+hGBAPJSSy4qs=",
      "license": "MIT",
      "dependencies": {
        "mime-db": "^1.54.0"
      },
      "engines": {
        "node": ">=18"
      },
      "funding": {
        "type": "opencollective",
        "url": "https://opencollective.com/express"
      }
    },
    "node_modules/ms": {
      "version": "2.1.3",
      "resolved": "https://registry.npm.wps.cn/ms/download/ms-2.1.3.tgz",
      "integrity": "sha1-V0yBOM4dK1hh8LRFedut1gxmFbI=",
      "license": "MIT"
    },
    "node_modules/negotiator": {
      "version": "1.0.0",
      "resolved": "https://registry.npm.wps.cn/negotiator/download/negotiator-1.0.0.tgz",
      "integrity": "sha1-tskbtHFy1p+Tz9fDV7u1KQGbX2o=",
      "license": "MIT",
      "engines": {
        "node": ">= 0.6"
      }
    },
    "node_modules/object-inspect": {
      "version": "1.13.4",
      "resolved": "https://registry.npm.wps.cn/object-inspect/download/object-inspect-1.13.4.tgz",
      "integrity": "sha1-g3UmXiG8IND6WCwi4bE0hdbgAhM=",
      "license": "MIT",
      "engines": {
        "node": ">= 0.4"
      },
      "funding": {
        "url": "https://github.com/sponsors/ljharb"
      }
    },
    "node_modules/on-finished": {
      "version": "2.4.1",
      "resolved": "https://registry.npm.wps.cn/on-finished/download/on-finished-2.4.1.tgz",
      "integrity": "sha1-WMjEQRblSEWtV/FKsQsDUzGErD8=",
      "license": "MIT",
      "dependencies": {
        "ee-first": "1.1.1"
      },
      "engines": {
        "node": ">= 0.8"
      }
    },
    "node_modules/once": {
      "version": "1.4.0",
      "resolved": "https://registry.npm.wps.cn/once/download/once-1.4.0.tgz",
      "integrity": "sha1-WDsap3WWHUsROsF9nFC6753Xa9E=",
      "license": "ISC",
      "dependencies": {
        "wrappy": "1"
      }
    },
    "node_modules/parseurl": {
      "version": "1.3.3",
      "resolved": "https://registry.npm.wps.cn/parseurl/download/parseurl-1.3.3.tgz",
      "integrity": "sha1-naGee+6NEt/wUT7Vt2lXeTvC6NQ=",
      "license": "MIT",
      "engines": {
        "node": ">= 0.8"
      }
    },
    "node_modules/path-to-regexp": {
      "version": "8.4.2",
      "resolved": "https://registry.npm.wps.cn/path-to-regexp/download/path-to-regexp-8.4.2.tgz",
      "integrity": "sha1-eVxCDE98pFxbiHNm9iLuDJhSzM0=",
      "license": "MIT",
      "funding": {
        "type": "opencollective",
        "url": "https://opencollective.com/express"
      }
    },
    "node_modules/proxy-addr": {
      "version": "2.0.7",
      "resolved": "https://registry.npm.wps.cn/proxy-addr/download/proxy-addr-2.0.7.tgz",
      "integrity": "sha1-8Z/mnOqzEe65S0LnDowgcPm6ECU=",
      "license": "MIT",
      "dependencies": {
        "forwarded": "0.2.0",
        "ipaddr.js": "1.9.1"
      },
      "engines": {
        "node": ">= 0.10"
      }
    },
    "node_modules/qs": {
      "version": "6.15.1",
      "resolved": "https://registry.npm.wps.cn/qs/download/qs-6.15.1.tgz",
      "integrity": "sha1-vbVa7Qa/rCV6kMRKRGpz+6VXXI8=",
      "license": "BSD-3-Clause",
      "dependencies": {
        "side-channel": "^1.1.0"
      },
      "engines": {
        "node": ">=0.6"
      },
      "funding": {
        "url": "https://github.com/sponsors/ljharb"
      }
    },
    "node_modules/range-parser": {
      "version": "1.2.1",
      "resolved": "https://registry.npm.wps.cn/range-parser/download/range-parser-1.2.1.tgz",
      "integrity": "sha1-PPNwI9GZ4cJNGlW4SADC8+ZGgDE=",
      "license": "MIT",
      "engines": {
        "node": ">= 0.6"
      }
    },
    "node_modules/raw-body": {
      "version": "3.0.2",
      "resolved": "https://registry.npm.wps.cn/raw-body/download/raw-body-3.0.2.tgz",
      "integrity": "sha1-PjraWuVWj5CV2EN2/TpJuPsAClE=",
      "license": "MIT",
      "dependencies": {
        "bytes": "~3.1.2",
        "http-errors": "~2.0.1",
        "iconv-lite": "~0.7.0",
        "unpipe": "~1.0.0"
      },
      "engines": {
        "node": ">= 0.10"
      }
    },
    "node_modules/resolve-pkg-maps": {
      "version": "1.0.0",
      "resolved": "https://registry.npm.wps.cn/resolve-pkg-maps/download/resolve-pkg-maps-1.0.0.tgz",
      "integrity": "sha1-YWs9wsVwVrVYjDHN9LPWTbEzcg8=",
      "dev": true,
      "license": "MIT",
      "funding": {
        "url": "https://github.com/privatenumber/resolve-pkg-maps?sponsor=1"
      }
    },
    "node_modules/router": {
      "version": "2.2.0",
      "resolved": "https://registry.npm.wps.cn/router/download/router-2.2.0.tgz",
      "integrity": "sha1-AZvmILcRyHZBFnzHm5kJDwCxRu8=",
      "license": "MIT",
      "dependencies": {
        "debug": "^4.4.0",
        "depd": "^2.0.0",
        "is-promise": "^4.0.0",
        "parseurl": "^1.3.3",
        "path-to-regexp": "^8.0.0"
      },
      "engines": {
        "node": ">= 18"
      }
    },
    "node_modules/safer-buffer": {
      "version": "2.1.2",
      "resolved": "https://registry.npm.wps.cn/safer-buffer/download/safer-buffer-2.1.2.tgz",
      "integrity": "sha1-RPoWGwGHuVSd2Eu5GAL5vYOFzWo=",
      "license": "MIT"
    },
    "node_modules/send": {
      "version": "1.2.1",
      "resolved": "https://registry.npm.wps.cn/send/download/send-1.2.1.tgz",
      "integrity": "sha1-nqt0O4dPNVD0CiaGe/KGrWDT8+0=",
      "license": "MIT",
      "dependencies": {
        "debug": "^4.4.3",
        "encodeurl": "^2.0.0",
        "escape-html": "^1.0.3",
        "etag": "^1.8.1",
        "fresh": "^2.0.0",
        "http-errors": "^2.0.1",
        "mime-types": "^3.0.2",
        "ms": "^2.1.3",
        "on-finished": "^2.4.1",
        "range-parser": "^1.2.1",
        "statuses": "^2.0.2"
      },
      "engines": {
        "node": ">= 18"
      },
      "funding": {
        "type": "opencollective",
        "url": "https://opencollective.com/express"
      }
    },
    "node_modules/serve-static": {
      "version": "2.2.1",
      "resolved": "https://registry.npm.wps.cn/serve-static/download/serve-static-2.2.1.tgz",
      "integrity": "sha1-fxhqSk5fW2Y616QpT/G/N88OmKk=",
      "license": "MIT",
      "dependencies": {
        "encodeurl": "^2.0.0",
        "escape-html": "^1.0.3",
        "parseurl": "^1.3.3",
        "send": "^1.2.0"
      },
      "engines": {
        "node": ">= 18"
      },
      "funding": {
        "type": "opencollective",
        "url": "https://opencollective.com/express"
      }
    },
    "node_modules/setprototypeof": {
      "version": "1.2.0",
      "resolved": "https://registry.npm.wps.cn/setprototypeof/download/setprototypeof-1.2.0.tgz",
      "integrity": "sha1-ZsmiSnP5/CjL5msJ/tPTPcrxtCQ=",
      "license": "ISC"
    },
    "node_modules/side-channel": {
      "version": "1.1.0",
      "resolved": "https://registry.npm.wps.cn/side-channel/download/side-channel-1.1.0.tgz",
      "integrity": "sha1-w/z/nE2pMnhIczNeyXZfqU/2a8k=",
      "license": "MIT",
      "dependencies": {
        "es-errors": "^1.3.0",
        "object-inspect": "^1.13.3",
        "side-channel-list": "^1.0.0",
        "side-channel-map": "^1.0.1",
        "side-channel-weakmap": "^1.0.2"
      },
      "engines": {
        "node": ">= 0.4"
      },
      "funding": {
        "url": "https://github.com/sponsors/ljharb"
      }
    },
    "node_modules/side-channel-list": {
      "version": "1.0.0",
      "resolved": "https://registry.npm.wps.cn/side-channel-list/download/side-channel-list-1.0.0.tgz",
      "integrity": "sha1-EMtZhCYxFdO3oOM2WR4pCoMK+K0=",
      "license": "MIT",
      "dependencies": {
        "es-errors": "^1.3.0",
        "object-inspect": "^1.13.3"
      },
      "engines": {
        "node": ">= 0.4"
      },
      "funding": {
        "url": "https://github.com/sponsors/ljharb"
      }
    },
    "node_modules/side-channel-map": {
      "version": "1.0.1",
      "resolved": "https://registry.npm.wps.cn/side-channel-map/download/side-channel-map-1.0.1.tgz",
      "integrity": "sha1-1rtrN5Asb+9RdOX1M/q0xzKib0I=",
      "license": "MIT",
      "dependencies": {
        "call-bound": "^1.0.2",
        "es-errors": "^1.3.0",
        "get-intrinsic": "^1.2.5",
        "object-inspect": "^1.13.3"
      },
      "engines": {
        "node": ">= 0.4"
      },
      "funding": {
        "url": "https://github.com/sponsors/ljharb"
      }
    },
    "node_modules/side-channel-weakmap": {
      "version": "1.0.2",
      "resolved": "https://registry.npm.wps.cn/side-channel-weakmap/download/side-channel-weakmap-1.0.2.tgz",
      "integrity": "sha1-Ed2hnVNo5Azp7CvcH7DsvAeQ7Oo=",
      "license": "MIT",
      "dependencies": {
        "call-bound": "^1.0.2",
        "es-errors": "^1.3.0",
        "get-intrinsic": "^1.2.5",
        "object-inspect": "^1.13.3",
        "side-channel-map": "^1.0.1"
      },
      "engines": {
        "node": ">= 0.4"
      },
      "funding": {
        "url": "https://github.com/sponsors/ljharb"
      }
    },
    "node_modules/statuses": {
      "version": "2.0.2",
      "resolved": "https://registry.npm.wps.cn/statuses/download/statuses-2.0.2.tgz",
      "integrity": "sha1-j3XuzvdlteHPzcCA2llAntQk44I=",
      "license": "MIT",
      "engines": {
        "node": ">= 0.8"
      }
    },
    "node_modules/toidentifier": {
      "version": "1.0.1",
      "resolved": "https://registry.npm.wps.cn/toidentifier/download/toidentifier-1.0.1.tgz",
      "integrity": "sha1-O+NDIaiKgg7RvYDfqjPkefu43TU=",
      "license": "MIT",
      "engines": {
        "node": ">=0.6"
      }
    },
    "node_modules/tsx": {
      "version": "4.21.0",
      "resolved": "https://registry.npm.wps.cn/tsx/download/tsx-4.21.0.tgz",
      "integrity": "sha1-Mqps8XSB4zb3Vhleb+BNrj5jCLE=",
      "dev": true,
      "license": "MIT",
      "dependencies": {
        "esbuild": "~0.27.0",
        "get-tsconfig": "^4.7.5"
      },
      "bin": {
        "tsx": "dist/cli.mjs"
      },
      "engines": {
        "node": ">=18.0.0"
      },
      "optionalDependencies": {
        "fsevents": "~2.3.3"
      }
    },
    "node_modules/type-is": {
      "version": "2.0.1",
      "resolved": "https://registry.npm.wps.cn/type-is/download/type-is-2.0.1.tgz",
      "integrity": "sha1-ZPbPA/kvzkAVwrIkeT9r3UsGjJc=",
      "license": "MIT",
      "dependencies": {
        "content-type": "^1.0.5",
        "media-typer": "^1.1.0",
        "mime-types": "^3.0.0"
      },
      "engines": {
        "node": ">= 0.6"
      }
    },
    "node_modules/typescript": {
      "version": "6.0.3",
      "resolved": "https://registry.npm.wps.cn/typescript/download/typescript-6.0.3.tgz",
      "integrity": "sha1-kCUdwAeRbpcnhsuU100VsYVXfSE=",
      "dev": true,
      "license": "Apache-2.0",
      "bin": {
        "tsc": "bin/tsc",
        "tsserver": "bin/tsserver"
      },
      "engines": {
        "node": ">=14.17"
      }
    },
    "node_modules/undici-types": {
      "version": "7.19.2",
      "resolved": "https://registry.npm.wps.cn/undici-types/download/undici-types-7.19.2.tgz",
      "integrity": "sha1-G2f8JtDxV6DLo6WKW1weIna4uio=",
      "dev": true,
      "license": "MIT"
    },
    "node_modules/unpipe": {
      "version": "1.0.0",
      "resolved": "https://registry.npm.wps.cn/unpipe/download/unpipe-1.0.0.tgz",
      "integrity": "sha1-sr9O6FFKrmFltIF4KdIbLvSZBOw=",
      "license": "MIT",
      "engines": {
        "node": ">= 0.8"
      }
    },
    "node_modules/vary": {
      "version": "1.1.2",
      "resolved": "https://registry.npm.wps.cn/vary/download/vary-1.1.2.tgz",
      "integrity": "sha1-IpnwLG3tMNSllhsLn3RSShj2NPw=",
      "license": "MIT",
      "engines": {
        "node": ">= 0.8"
      }
    },
    "node_modules/wrappy": {
      "version": "1.0.2",
      "resolved": "https://registry.npm.wps.cn/wrappy/download/wrappy-1.0.2.tgz",
      "integrity": "sha1-tSQ9jz7BqjXxNkYFvA0QNuMKtp8=",
      "license": "ISC"
    }
  }
}
